// !$*UTF8*$!
{
	archiveVersion = 1;
	classes = {
	};
	objectVersion = 50;
	objects = {

/* Begin PBXBuildFile section */
		B855659525B37B7E00DD534D /* PlutusApp.swift in Sources */ = {isa = PBXBuildFile; fileRef = B855659425B37B7E00DD534D /* PlutusApp.swift */; };
		B855659725B37B7E00DD534D /* ContentView.swift in Sources */ = {isa = PBXBuildFile; fileRef = B855659625B37B7E00DD534D /* ContentView.swift */; };
		B855659925B37B7F00DD534D /* Assets.xcassets in Resources */ = {isa = PBXBuildFile; fileRef = B855659825B37B7F00DD534D /* Assets.xcassets */; };
		B855659C25B37B7F00DD534D /* Preview Assets.xcassets in Resources */ = {isa = PBXBuildFile; fileRef = B855659B25B37B7F00DD534D /* Preview Assets.xcassets */; };
		B855659E25B37B7F00DD534D /* Persistence.swift in Sources */ = {isa = PBXBuildFile; fileRef = B855659D25B37B7F00DD534D /* Persistence.swift */; };
		B85565A125B37B7F00DD534D /* Plutus.xcdatamodeld in Sources */ = {isa = PBXBuildFile; fileRef = B855659F25B37B7F00DD534D /* Plutus.xcdatamodeld */; };
		B85565AC25B37B7F00DD534D /* PlutusTests.swift in Sources */ = {isa = PBXBuildFile; fileRef = B85565AB25B37B7F00DD534D /* PlutusTests.swift */; };
		B85565B725B37B7F00DD534D /* PlutusUITests.swift in Sources */ = {isa = PBXBuildFile; fileRef = B85565B625B37B7F00DD534D /* PlutusUITests.swift */; };
		C68F98E625B38B0600CC2950 /* Quicksand-Light.ttf in Resources */ = {isa = PBXBuildFile; fileRef = C68F98E125B38B0500CC2950 /* Quicksand-Light.ttf */; };
		C68F98E725B38B0600CC2950 /* Quicksand-Medium.ttf in Resources */ = {isa = PBXBuildFile; fileRef = C68F98E225B38B0600CC2950 /* Quicksand-Medium.ttf */; };
		C68F98E825B38B0600CC2950 /* Quicksand-Regular.ttf in Resources */ = {isa = PBXBuildFile; fileRef = C68F98E325B38B0600CC2950 /* Quicksand-Regular.ttf */; };
		C68F98E925B38B0600CC2950 /* Quicksand-SemiBold.ttf in Resources */ = {isa = PBXBuildFile; fileRef = C68F98E425B38B0600CC2950 /* Quicksand-SemiBold.ttf */; };
		C68F98EA25B38B0600CC2950 /* Quicksand-Bold.ttf in Resources */ = {isa = PBXBuildFile; fileRef = C68F98E525B38B0600CC2950 /* Quicksand-Bold.ttf */; };
		C68F98F025B38B2E00CC2950 /* constants.swift in Sources */ = {isa = PBXBuildFile; fileRef = C68F98EF25B38B2E00CC2950 /* constants.swift */; };
/* End PBXBuildFile section */

/* Begin PBXContainerItemProxy section */
		B85565A825B37B7F00DD534D /* PBXContainerItemProxy */ = {
			isa = PBXContainerItemProxy;
			containerPortal = B855658925B37B7E00DD534D /* Project object */;
			proxyType = 1;
			remoteGlobalIDString = B855659025B37B7E00DD534D;
			remoteInfo = Plutus;
		};
		B85565B325B37B7F00DD534D /* PBXContainerItemProxy */ = {
			isa = PBXContainerItemProxy;
			containerPortal = B855658925B37B7E00DD534D /* Project object */;
			proxyType = 1;
			remoteGlobalIDString = B855659025B37B7E00DD534D;
			remoteInfo = Plutus;
		};
/* End PBXContainerItemProxy section */

/* Begin PBXFileReference section */
		B855659125B37B7E00DD534D /* Plutus.app */ = {isa = PBXFileReference; explicitFileType = wrapper.application; includeInIndex = 0; path = Plutus.app; sourceTree = BUILT_PRODUCTS_DIR; };
		B855659425B37B7E00DD534D /* PlutusApp.swift */ = {isa = PBXFileReference; lastKnownFileType = sourcecode.swift; path = PlutusApp.swift; sourceTree = "<group>"; };
		B855659625B37B7E00DD534D /* ContentView.swift */ = {isa = PBXFileReference; lastKnownFileType = sourcecode.swift; path = ContentView.swift; sourceTree = "<group>"; };
		B855659825B37B7F00DD534D /* Assets.xcassets */ = {isa = PBXFileReference; lastKnownFileType = folder.assetcatalog; path = Assets.xcassets; sourceTree = "<group>"; };
		B855659B25B37B7F00DD534D /* Preview Assets.xcassets */ = {isa = PBXFileReference; lastKnownFileType = folder.assetcatalog; path = "Preview Assets.xcassets"; sourceTree = "<group>"; };
		B855659D25B37B7F00DD534D /* Persistence.swift */ = {isa = PBXFileReference; lastKnownFileType = sourcecode.swift; path = Persistence.swift; sourceTree = "<group>"; };
		B85565A025B37B7F00DD534D /* Plutus.xcdatamodel */ = {isa = PBXFileReference; lastKnownFileType = wrapper.xcdatamodel; path = Plutus.xcdatamodel; sourceTree = "<group>"; };
		B85565A225B37B7F00DD534D /* Info.plist */ = {isa = PBXFileReference; lastKnownFileType = text.plist.xml; path = Info.plist; sourceTree = "<group>"; };
		B85565A725B37B7F00DD534D /* PlutusTests.xctest */ = {isa = PBXFileReference; explicitFileType = wrapper.cfbundle; includeInIndex = 0; path = PlutusTests.xctest; sourceTree = BUILT_PRODUCTS_DIR; };
		B85565AB25B37B7F00DD534D /* PlutusTests.swift */ = {isa = PBXFileReference; lastKnownFileType = sourcecode.swift; path = PlutusTests.swift; sourceTree = "<group>"; };
		B85565AD25B37B7F00DD534D /* Info.plist */ = {isa = PBXFileReference; lastKnownFileType = text.plist.xml; path = Info.plist; sourceTree = "<group>"; };
		B85565B225B37B7F00DD534D /* PlutusUITests.xctest */ = {isa = PBXFileReference; explicitFileType = wrapper.cfbundle; includeInIndex = 0; path = PlutusUITests.xctest; sourceTree = BUILT_PRODUCTS_DIR; };
		B85565B625B37B7F00DD534D /* PlutusUITests.swift */ = {isa = PBXFileReference; lastKnownFileType = sourcecode.swift; path = PlutusUITests.swift; sourceTree = "<group>"; };
		B85565B825B37B7F00DD534D /* Info.plist */ = {isa = PBXFileReference; lastKnownFileType = text.plist.xml; path = Info.plist; sourceTree = "<group>"; };
		C68F98E125B38B0500CC2950 /* Quicksand-Light.ttf */ = {isa = PBXFileReference; lastKnownFileType = file; path = "Quicksand-Light.ttf"; sourceTree = "<group>"; };
		C68F98E225B38B0600CC2950 /* Quicksand-Medium.ttf */ = {isa = PBXFileReference; lastKnownFileType = file; path = "Quicksand-Medium.ttf"; sourceTree = "<group>"; };
		C68F98E325B38B0600CC2950 /* Quicksand-Regular.ttf */ = {isa = PBXFileReference; lastKnownFileType = file; path = "Quicksand-Regular.ttf"; sourceTree = "<group>"; };
		C68F98E425B38B0600CC2950 /* Quicksand-SemiBold.ttf */ = {isa = PBXFileReference; lastKnownFileType = file; path = "Quicksand-SemiBold.ttf"; sourceTree = "<group>"; };
		C68F98E525B38B0600CC2950 /* Quicksand-Bold.ttf */ = {isa = PBXFileReference; lastKnownFileType = file; path = "Quicksand-Bold.ttf"; sourceTree = "<group>"; };
		C68F98EF25B38B2E00CC2950 /* constants.swift */ = {isa = PBXFileReference; fileEncoding = 4; lastKnownFileType = sourcecode.swift; path = constants.swift; sourceTree = "<group>"; };
/* End PBXFileReference section */

/* Begin PBXFrameworksBuildPhase section */
		B855658E25B37B7E00DD534D /* Frameworks */ = {
			isa = PBXFrameworksBuildPhase;
			buildActionMask = 2147483647;
			files = (
			);
			runOnlyForDeploymentPostprocessing = 0;
		};
		B85565A425B37B7F00DD534D /* Frameworks */ = {
			isa = PBXFrameworksBuildPhase;
			buildActionMask = 2147483647;
			files = (
			);
			runOnlyForDeploymentPostprocessing = 0;
		};
		B85565AF25B37B7F00DD534D /* Frameworks */ = {
			isa = PBXFrameworksBuildPhase;
			buildActionMask = 2147483647;
			files = (
			);
			runOnlyForDeploymentPostprocessing = 0;
		};
/* End PBXFrameworksBuildPhase section */

/* Begin PBXGroup section */
		B855658825B37B7E00DD534D = {
			isa = PBXGroup;
			children = (
				B855659325B37B7E00DD534D /* Plutus */,
				B85565AA25B37B7F00DD534D /* PlutusTests */,
				B85565B525B37B7F00DD534D /* PlutusUITests */,
				B855659225B37B7E00DD534D /* Products */,
			);
			sourceTree = "<group>";
		};
		B855659225B37B7E00DD534D /* Products */ = {
			isa = PBXGroup;
			children = (
				B855659125B37B7E00DD534D /* Plutus.app */,
				B85565A725B37B7F00DD534D /* PlutusTests.xctest */,
				B85565B225B37B7F00DD534D /* PlutusUITests.xctest */,
			);
			name = Products;
			sourceTree = "<group>";
		};
		B855659325B37B7E00DD534D /* Plutus */ = {
			isa = PBXGroup;
			children = (
				C68F98E025B38AEA00CC2950 /* Assets */,
				C68F98DF25B3887200CC2950 /* Data */,
				C68F98EE25B38B1400CC2950 /* Utilities */,
				B855659425B37B7E00DD534D /* PlutusApp.swift */,
				B855659625B37B7E00DD534D /* ContentView.swift */,
				B855659825B37B7F00DD534D /* Assets.xcassets */,
				B85565A225B37B7F00DD534D /* Info.plist */,
				B855659A25B37B7F00DD534D /* Preview Content */,
			);
			path = Plutus;
			sourceTree = "<group>";
		};
		B855659A25B37B7F00DD534D /* Preview Content */ = {
			isa = PBXGroup;
			children = (
				B855659B25B37B7F00DD534D /* Preview Assets.xcassets */,
			);
			path = "Preview Content";
			sourceTree = "<group>";
		};
		B85565AA25B37B7F00DD534D /* PlutusTests */ = {
			isa = PBXGroup;
			children = (
				B85565AB25B37B7F00DD534D /* PlutusTests.swift */,
				B85565AD25B37B7F00DD534D /* Info.plist */,
			);
			path = PlutusTests;
			sourceTree = "<group>";
		};
		B85565B525B37B7F00DD534D /* PlutusUITests */ = {
			isa = PBXGroup;
			children = (
				B85565B625B37B7F00DD534D /* PlutusUITests.swift */,
				B85565B825B37B7F00DD534D /* Info.plist */,
			);
			path = PlutusUITests;
			sourceTree = "<group>";
		};
		C68F98DF25B3887200CC2950 /* Data */ = {
			isa = PBXGroup;
			children = (
				B855659D25B37B7F00DD534D /* Persistence.swift */,
				B855659F25B37B7F00DD534D /* Plutus.xcdatamodeld */,
			);
			path = Data;
			sourceTree = "<group>";
		};
		C68F98E025B38AEA00CC2950 /* Assets */ = {
			isa = PBXGroup;
			children = (
				C68F98E525B38B0600CC2950 /* Quicksand-Bold.ttf */,
				C68F98E125B38B0500CC2950 /* Quicksand-Light.ttf */,
				C68F98E225B38B0600CC2950 /* Quicksand-Medium.ttf */,
				C68F98E325B38B0600CC2950 /* Quicksand-Regular.ttf */,
				C68F98E425B38B0600CC2950 /* Quicksand-SemiBold.ttf */,
			);
			path = Assets;
			sourceTree = "<group>";
		};
		C68F98EE25B38B1400CC2950 /* Utilities */ = {
			isa = PBXGroup;
			children = (
				C68F98EF25B38B2E00CC2950 /* constants.swift */,
			);
			path = Utilities;
			sourceTree = "<group>";
		};
/* End PBXGroup section */

/* Begin PBXNativeTarget section */
		B855659025B37B7E00DD534D /* Plutus */ = {
			isa = PBXNativeTarget;
			buildConfigurationList = B85565BB25B37B7F00DD534D /* Build configuration list for PBXNativeTarget "Plutus" */;
			buildPhases = (
				B855658D25B37B7E00DD534D /* Sources */,
				B855658E25B37B7E00DD534D /* Frameworks */,
				B855658F25B37B7E00DD534D /* Resources */,
			);
			buildRules = (
			);
			dependencies = (
			);
			name = Plutus;
			productName = Plutus;
			productReference = B855659125B37B7E00DD534D /* Plutus.app */;
			productType = "com.apple.product-type.application";
		};
		B85565A625B37B7F00DD534D /* PlutusTests */ = {
			isa = PBXNativeTarget;
			buildConfigurationList = B85565BE25B37B7F00DD534D /* Build configuration list for PBXNativeTarget "PlutusTests" */;
			buildPhases = (
				B85565A325B37B7F00DD534D /* Sources */,
				B85565A425B37B7F00DD534D /* Frameworks */,
				B85565A525B37B7F00DD534D /* Resources */,
			);
			buildRules = (
			);
			dependencies = (
				B85565A925B37B7F00DD534D /* PBXTargetDependency */,
			);
			name = PlutusTests;
			productName = PlutusTests;
			productReference = B85565A725B37B7F00DD534D /* PlutusTests.xctest */;
			productType = "com.apple.product-type.bundle.unit-test";
		};
		B85565B125B37B7F00DD534D /* PlutusUITests */ = {
			isa = PBXNativeTarget;
			buildConfigurationList = B85565C125B37B7F00DD534D /* Build configuration list for PBXNativeTarget "PlutusUITests" */;
			buildPhases = (
				B85565AE25B37B7F00DD534D /* Sources */,
				B85565AF25B37B7F00DD534D /* Frameworks */,
				B85565B025B37B7F00DD534D /* Resources */,
			);
			buildRules = (
			);
			dependencies = (
				B85565B425B37B7F00DD534D /* PBXTargetDependency */,
			);
			name = PlutusUITests;
			productName = PlutusUITests;
			productReference = B85565B225B37B7F00DD534D /* PlutusUITests.xctest */;
			productType = "com.apple.product-type.bundle.ui-testing";
		};
/* End PBXNativeTarget section */

/* Begin PBXProject section */
		B855658925B37B7E00DD534D /* Project object */ = {
			isa = PBXProject;
			attributes = {
				LastSwiftUpdateCheck = 1230;
				LastUpgradeCheck = 1230;
				TargetAttributes = {
					B855659025B37B7E00DD534D = {
						CreatedOnToolsVersion = 12.3;
					};
					B85565A625B37B7F00DD534D = {
						CreatedOnToolsVersion = 12.3;
						TestTargetID = B855659025B37B7E00DD534D;
					};
					B85565B125B37B7F00DD534D = {
						CreatedOnToolsVersion = 12.3;
						TestTargetID = B855659025B37B7E00DD534D;
					};
				};
			};
			buildConfigurationList = B855658C25B37B7E00DD534D /* Build configuration list for PBXProject "Plutus" */;
			compatibilityVersion = "Xcode 9.3";
			developmentRegion = en;
			hasScannedForEncodings = 0;
			knownRegions = (
				en,
				Base,
			);
			mainGroup = B855658825B37B7E00DD534D;
			productRefGroup = B855659225B37B7E00DD534D /* Products */;
			projectDirPath = "";
			projectRoot = "";
			targets = (
				B855659025B37B7E00DD534D /* Plutus */,
				B85565A625B37B7F00DD534D /* PlutusTests */,
				B85565B125B37B7F00DD534D /* PlutusUITests */,
			);
		};
/* End PBXProject section */

/* Begin PBXResourcesBuildPhase section */
		B855658F25B37B7E00DD534D /* Resources */ = {
			isa = PBXResourcesBuildPhase;
			buildActionMask = 2147483647;
			files = (
				C68F98EA25B38B0600CC2950 /* Quicksand-Bold.ttf in Resources */,
				C68F98E625B38B0600CC2950 /* Quicksand-Light.ttf in Resources */,
				C68F98E725B38B0600CC2950 /* Quicksand-Medium.ttf in Resources */,
				B855659C25B37B7F00DD534D /* Preview Assets.xcassets in Resources */,
				C68F98E925B38B0600CC2950 /* Quicksand-SemiBold.ttf in Resources */,
				B855659925B37B7F00DD534D /* Assets.xcassets in Resources */,
				C68F98E825B38B0600CC2950 /* Quicksand-Regular.ttf in Resources */,
			);
			runOnlyForDeploymentPostprocessing = 0;
		};
		B85565A525B37B7F00DD534D /* Resources */ = {
			isa = PBXResourcesBuildPhase;
			buildActionMask = 2147483647;
			files = (
			);
			runOnlyForDeploymentPostprocessing = 0;
		};
		B85565B025B37B7F00DD534D /* Resources */ = {
			isa = PBXResourcesBuildPhase;
			buildActionMask = 2147483647;
			files = (
			);
			runOnlyForDeploymentPostprocessing = 0;
		};
/* End PBXResourcesBuildPhase section */

/* Begin PBXSourcesBuildPhase section */
		B855658D25B37B7E00DD534D /* Sources */ = {
			isa = PBXSourcesBuildPhase;
			buildActionMask = 2147483647;
			files = (
				B85565A125B37B7F00DD534D /* Plutus.xcdatamodeld in Sources */,
				B855659E25B37B7F00DD534D /* Persistence.swift in Sources */,
				B855659725B37B7E00DD534D /* ContentView.swift in Sources */,
				C68F98F025B38B2E00CC2950 /* constants.swift in Sources */,
				B855659525B37B7E00DD534D /* PlutusApp.swift in Sources */,
			);
			runOnlyForDeploymentPostprocessing = 0;
		};
		B85565A325B37B7F00DD534D /* Sources */ = {
			isa = PBXSourcesBuildPhase;
			buildActionMask = 2147483647;
			files = (
				B85565AC25B37B7F00DD534D /* PlutusTests.swift in Sources */,
			);
			runOnlyForDeploymentPostprocessing = 0;
		};
		B85565AE25B37B7F00DD534D /* Sources */ = {
			isa = PBXSourcesBuildPhase;
			buildActionMask = 2147483647;
			files = (
				B85565B725B37B7F00DD534D /* PlutusUITests.swift in Sources */,
			);
			runOnlyForDeploymentPostprocessing = 0;
		};
/* End PBXSourcesBuildPhase section */

/* Begin PBXTargetDependency section */
		B85565A925B37B7F00DD534D /* PBXTargetDependency */ = {
			isa = PBXTargetDependency;
			target = B855659025B37B7E00DD534D /* Plutus */;
			targetProxy = B85565A825B37B7F00DD534D /* PBXContainerItemProxy */;
		};
		B85565B425B37B7F00DD534D /* PBXTargetDependency */ = {
			isa = PBXTargetDependency;
			target = B855659025B37B7E00DD534D /* Plutus */;
			targetProxy = B85565B325B37B7F00DD534D /* PBXContainerItemProxy */;
		};
/* End PBXTargetDependency section */

/* Begin XCBuildConfiguration section */
		B85565B925B37B7F00DD534D /* Debug */ = {
			isa = XCBuildConfiguration;
			buildSettings = {
				ALWAYS_SEARCH_USER_PATHS = NO;
				CLANG_ANALYZER_NONNULL = YES;
				CLANG_ANALYZER_NUMBER_OBJECT_CONVERSION = YES_AGGRESSIVE;
				CLANG_CXX_LANGUAGE_STANDARD = "gnu++14";
				CLANG_CXX_LIBRARY = "libc++";
				CLANG_ENABLE_MODULES = YES;
				CLANG_ENABLE_OBJC_ARC = YES;
				CLANG_ENABLE_OBJC_WEAK = YES;
				CLANG_WARN_BLOCK_CAPTURE_AUTORELEASING = YES;
				CLANG_WARN_BOOL_CONVERSION = YES;
				CLANG_WARN_COMMA = YES;
				CLANG_WARN_CONSTANT_CONVERSION = YES;
				CLANG_WARN_DEPRECATED_OBJC_IMPLEMENTATIONS = YES;
				CLANG_WARN_DIRECT_OBJC_ISA_USAGE = YES_ERROR;
				CLANG_WARN_DOCUMENTATION_COMMENTS = YES;
				CLANG_WARN_EMPTY_BODY = YES;
				CLANG_WARN_ENUM_CONVERSION = YES;
				CLANG_WARN_INFINITE_RECURSION = YES;
				CLANG_WARN_INT_CONVERSION = YES;
				CLANG_WARN_NON_LITERAL_NULL_CONVERSION = YES;
				CLANG_WARN_OBJC_IMPLICIT_RETAIN_SELF = YES;
				CLANG_WARN_OBJC_LITERAL_CONVERSION = YES;
				CLANG_WARN_OBJC_ROOT_CLASS = YES_ERROR;
				CLANG_WARN_QUOTED_INCLUDE_IN_FRAMEWORK_HEADER = YES;
				CLANG_WARN_RANGE_LOOP_ANALYSIS = YES;
				CLANG_WARN_STRICT_PROTOTYPES = YES;
				CLANG_WARN_SUSPICIOUS_MOVE = YES;
				CLANG_WARN_UNGUARDED_AVAILABILITY = YES_AGGRESSIVE;
				CLANG_WARN_UNREACHABLE_CODE = YES;
				CLANG_WARN__DUPLICATE_METHOD_MATCH = YES;
				COPY_PHASE_STRIP = NO;
				DEBUG_INFORMATION_FORMAT = dwarf;
				ENABLE_STRICT_OBJC_MSGSEND = YES;
				ENABLE_TESTABILITY = YES;
				GCC_C_LANGUAGE_STANDARD = gnu11;
				GCC_DYNAMIC_NO_PIC = NO;
				GCC_NO_COMMON_BLOCKS = YES;
				GCC_OPTIMIZATION_LEVEL = 0;
				GCC_PREPROCESSOR_DEFINITIONS = (
					"DEBUG=1",
					"$(inherited)",
				);
				GCC_WARN_64_TO_32_BIT_CONVERSION = YES;
				GCC_WARN_ABOUT_RETURN_TYPE = YES_ERROR;
				GCC_WARN_UNDECLARED_SELECTOR = YES;
				GCC_WARN_UNINITIALIZED_AUTOS = YES_AGGRESSIVE;
				GCC_WARN_UNUSED_FUNCTION = YES;
				GCC_WARN_UNUSED_VARIABLE = YES;
				IPHONEOS_DEPLOYMENT_TARGET = 14.3;
				MTL_ENABLE_DEBUG_INFO = INCLUDE_SOURCE;
				MTL_FAST_MATH = YES;
				ONLY_ACTIVE_ARCH = YES;
				SDKROOT = iphoneos;
				SWIFT_ACTIVE_COMPILATION_CONDITIONS = DEBUG;
				SWIFT_OPTIMIZATION_LEVEL = "-Onone";
			};
			name = Debug;
		};
		B85565BA25B37B7F00DD534D /* Release */ = {
			isa = XCBuildConfiguration;
			buildSettings = {
				ALWAYS_SEARCH_USER_PATHS = NO;
				CLANG_ANALYZER_NONNULL = YES;
				CLANG_ANALYZER_NUMBER_OBJECT_CONVERSION = YES_AGGRESSIVE;
				CLANG_CXX_LANGUAGE_STANDARD = "gnu++14";
				CLANG_CXX_LIBRARY = "libc++";
				CLANG_ENABLE_MODULES = YES;
				CLANG_ENABLE_OBJC_ARC = YES;
				CLANG_ENABLE_OBJC_WEAK = YES;
				CLANG_WARN_BLOCK_CAPTURE_AUTORELEASING = YES;
				CLANG_WARN_BOOL_CONVERSION = YES;
				CLANG_WARN_COMMA = YES;
				CLANG_WARN_CONSTANT_CONVERSION = YES;
				CLANG_WARN_DEPRECATED_OBJC_IMPLEMENTATIONS = YES;
				CLANG_WARN_DIRECT_OBJC_ISA_USAGE = YES_ERROR;
				CLANG_WARN_DOCUMENTATION_COMMENTS = YES;
				CLANG_WARN_EMPTY_BODY = YES;
				CLANG_WARN_ENUM_CONVERSION = YES;
				CLANG_WARN_INFINITE_RECURSION = YES;
				CLANG_WARN_INT_CONVERSION = YES;
				CLANG_WARN_NON_LITERAL_NULL_CONVERSION = YES;
				CLANG_WARN_OBJC_IMPLICIT_RETAIN_SELF = YES;
				CLANG_WARN_OBJC_LITERAL_CONVERSION = YES;
				CLANG_WARN_OBJC_ROOT_CLASS = YES_ERROR;
				CLANG_WARN_QUOTED_INCLUDE_IN_FRAMEWORK_HEADER = YES;
				CLANG_WARN_RANGE_LOOP_ANALYSIS = YES;
				CLANG_WARN_STRICT_PROTOTYPES = YES;
				CLANG_WARN_SUSPICIOUS_MOVE = YES;
				CLANG_WARN_UNGUARDED_AVAILABILITY = YES_AGGRESSIVE;
				CLANG_WARN_UNREACHABLE_CODE = YES;
				CLANG_WARN__DUPLICATE_METHOD_MATCH = YES;
				COPY_PHASE_STRIP = NO;
				DEBUG_INFORMATION_FORMAT = "dwarf-with-dsym";
				ENABLE_NS_ASSERTIONS = NO;
				ENABLE_STRICT_OBJC_MSGSEND = YES;
				GCC_C_LANGUAGE_STANDARD = gnu11;
				GCC_NO_COMMON_BLOCKS = YES;
				GCC_WARN_64_TO_32_BIT_CONVERSION = YES;
				GCC_WARN_ABOUT_RETURN_TYPE = YES_ERROR;
				GCC_WARN_UNDECLARED_SELECTOR = YES;
				GCC_WARN_UNINITIALIZED_AUTOS = YES_AGGRESSIVE;
				GCC_WARN_UNUSED_FUNCTION = YES;
				GCC_WARN_UNUSED_VARIABLE = YES;
				IPHONEOS_DEPLOYMENT_TARGET = 14.3;
				MTL_ENABLE_DEBUG_INFO = NO;
				MTL_FAST_MATH = YES;
				SDKROOT = iphoneos;
				SWIFT_COMPILATION_MODE = wholemodule;
				SWIFT_OPTIMIZATION_LEVEL = "-O";
				VALIDATE_PRODUCT = YES;
			};
			name = Release;
		};
		B85565BC25B37B7F00DD534D /* Debug */ = {
			isa = XCBuildConfiguration;
			buildSettings = {
				ASSETCATALOG_COMPILER_APPICON_NAME = AppIcon;
				ASSETCATALOG_COMPILER_GLOBAL_ACCENT_COLOR_NAME = AccentColor;
				CODE_SIGN_STYLE = Automatic;
				DEVELOPMENT_ASSET_PATHS = "\"Plutus/Preview Content\"";
				DEVELOPMENT_TEAM = HK5GWCA3TA;
				ENABLE_PREVIEWS = YES;
				INFOPLIST_FILE = Plutus/Info.plist;
				IPHONEOS_DEPLOYMENT_TARGET = 14.0;
				LD_RUNPATH_SEARCH_PATHS = (
					"$(inherited)",
					"@executable_path/Frameworks",
				);
				PRODUCT_BUNDLE_IDENTIFIER = me.jaredborders.Plutus;
				PRODUCT_NAME = "$(TARGET_NAME)";
				SWIFT_VERSION = 5.0;
				TARGETED_DEVICE_FAMILY = "1,2";
			};
			name = Debug;
		};
		B85565BD25B37B7F00DD534D /* Release */ = {
			isa = XCBuildConfiguration;
			buildSettings = {
				ASSETCATALOG_COMPILER_APPICON_NAME = AppIcon;
				ASSETCATALOG_COMPILER_GLOBAL_ACCENT_COLOR_NAME = AccentColor;
				CODE_SIGN_STYLE = Automatic;
				DEVELOPMENT_ASSET_PATHS = "\"Plutus/Preview Content\"";
				DEVELOPMENT_TEAM = HK5GWCA3TA;
				ENABLE_PREVIEWS = YES;
				INFOPLIST_FILE = Plutus/Info.plist;
				IPHONEOS_DEPLOYMENT_TARGET = 14.0;
				LD_RUNPATH_SEARCH_PATHS = (
					"$(inherited)",
					"@executable_path/Frameworks",
				);
				PRODUCT_BUNDLE_IDENTIFIER = me.jaredborders.Plutus;
				PRODUCT_NAME = "$(TARGET_NAME)";
				SWIFT_VERSION = 5.0;
				TARGETED_DEVICE_FAMILY = "1,2";
			};
			name = Release;
		};
		B85565BF25B37B7F00DD534D /* Debug */ = {
			isa = XCBuildConfiguration;
			buildSettings = {
				ALWAYS_EMBED_SWIFT_STANDARD_LIBRARIES = YES;
				BUNDLE_LOADER = "$(TEST_HOST)";
				CODE_SIGN_STYLE = Automatic;
				DEVELOPMENT_TEAM = HK5GWCA3TA;
				INFOPLIST_FILE = PlutusTests/Info.plist;
				IPHONEOS_DEPLOYMENT_TARGET = 14.0;
				LD_RUNPATH_SEARCH_PATHS = (
					"$(inherited)",
					"@executable_path/Frameworks",
					"@loader_path/Frameworks",
				);
				PRODUCT_BUNDLE_IDENTIFIER = me.jaredborders.PlutusTests;
				PRODUCT_NAME = "$(TARGET_NAME)";
				SWIFT_VERSION = 5.0;
				TARGETED_DEVICE_FAMILY = "1,2";
				TEST_HOST = "$(BUILT_PRODUCTS_DIR)/Plutus.app/Plutus";
			};
			name = Debug;
		};
		B85565C025B37B7F00DD534D /* Release */ = {
			isa = XCBuildConfiguration;
			buildSettings = {
				ALWAYS_EMBED_SWIFT_STANDARD_LIBRARIES = YES;
				BUNDLE_LOADER = "$(TEST_HOST)";
				CODE_SIGN_STYLE = Automatic;
				DEVELOPMENT_TEAM = HK5GWCA3TA;
				INFOPLIST_FILE = PlutusTests/Info.plist;
				IPHONEOS_DEPLOYMENT_TARGET = 14.0;
				LD_RUNPATH_SEARCH_PATHS = (
					"$(inherited)",
					"@executable_path/Frameworks",
					"@loader_path/Frameworks",
				);
				PRODUCT_BUNDLE_IDENTIFIER = me.jaredborders.PlutusTests;
				PRODUCT_NAME = "$(TARGET_NAME)";
				SWIFT_VERSION = 5.0;
				TARGETED_DEVICE_FAMILY = "1,2";
				TEST_HOST = "$(BUILT_PRODUCTS_DIR)/Plutus.app/Plutus";
			};
			name = Release;
		};
		B85565C225B37B7F00DD534D /* Debug */ = {
			isa = XCBuildConfiguration;
			buildSettings = {
				ALWAYS_EMBED_SWIFT_STANDARD_LIBRARIES = YES;
				CODE_SIGN_STYLE = Automatic;
				DEVELOPMENT_TEAM = HK5GWCA3TA;
				INFOPLIST_FILE = PlutusUITests/Info.plist;
				LD_RUNPATH_SEARCH_PATHS = (
					"$(inherited)",
					"@executable_path/Frameworks",
					"@loader_path/Frameworks",
				);
				PRODUCT_BUNDLE_IDENTIFIER = me.jaredborders.PlutusUITests;
				PRODUCT_NAME = "$(TARGET_NAME)";
				SWIFT_VERSION = 5.0;
				TARGETED_DEVICE_FAMILY = "1,2";
				TEST_TARGET_NAME = Plutus;
			};
			name = Debug;
		};
		B85565C325B37B7F00DD534D /* Release */ = {
			isa = XCBuildConfiguration;
			buildSettings = {
				ALWAYS_EMBED_SWIFT_STANDARD_LIBRARIES = YES;
				CODE_SIGN_STYLE = Automatic;
				DEVELOPMENT_TEAM = HK5GWCA3TA;
				INFOPLIST_FILE = PlutusUITests/Info.plist;
				LD_RUNPATH_SEARCH_PATHS = (
					"$(inherited)",
					"@executable_path/Frameworks",
					"@loader_path/Frameworks",
				);
				PRODUCT_BUNDLE_IDENTIFIER = me.jaredborders.PlutusUITests;
				PRODUCT_NAME = "$(TARGET_NAME)";
				SWIFT_VERSION = 5.0;
				TARGETED_DEVICE_FAMILY = "1,2";
				TEST_TARGET_NAME = Plutus;
			};
			name = Release;
		};
/* End XCBuildConfiguration section */

/* Begin XCConfigurationList section */
		B855658C25B37B7E00DD534D /* Build configuration list for PBXProject "Plutus" */ = {
			isa = XCConfigurationList;
			buildConfigurations = (
				B85565B925B37B7F00DD534D /* Debug */,
				B85565BA25B37B7F00DD534D /* Release */,
			);
			defaultConfigurationIsVisible = 0;
			defaultConfigurationName = Release;
		};
		B85565BB25B37B7F00DD534D /* Build configuration list for PBXNativeTarget "Plutus" */ = {
			isa = XCConfigurationList;
			buildConfigurations = (
				B85565BC25B37B7F00DD534D /* Debug */,
				B85565BD25B37B7F00DD534D /* Release */,
			);
			defaultConfigurationIsVisible = 0;
			defaultConfigurationName = Release;
		};
		B85565BE25B37B7F00DD534D /* Build configuration list for PBXNativeTarget "PlutusTests" */ = {
			isa = XCConfigurationList;
			buildConfigurations = (
				B85565BF25B37B7F00DD534D /* Debug */,
				B85565C025B37B7F00DD534D /* Release */,
			);
			defaultConfigurationIsVisible = 0;
			defaultConfigurationName = Release;
		};
		B85565C125B37B7F00DD534D /* Build configuration list for PBXNativeTarget "PlutusUITests" */ = {
			isa = XCConfigurationList;
			buildConfigurations = (
				B85565C225B37B7F00DD534D /* Debug */,
				B85565C325B37B7F00DD534D /* Release */,
			);
			defaultConfigurationIsVisible = 0;
			defaultConfigurationName = Release;
		};
/* End XCConfigurationList section */

/* Begin XCVersionGroup section */
		B855659F25B37B7F00DD534D /* Plutus.xcdatamodeld */ = {
			isa = XCVersionGroup;
			children = (
				B85565A025B37B7F00DD534D /* Plutus.xcdatamodel */,
			);
			currentVersion = B85565A025B37B7F00DD534D /* Plutus.xcdatamodel */;
			path = Plutus.xcdatamodeld;
			sourceTree = "<group>";
			versionGroupType = wrapper.xcdatamodel;
		};
/* End XCVersionGroup section */
	};
	rootObject = B855658925B37B7E00DD534D /* Project object */;
}
